
Microsoft Visual Studio Solution File, Format Version 12.00
# Visual Studio Version 17
VisualStudioVersion = 17.11.35208.52
MinimumVisualStudioVersion = 10.0.40219.1
Project("{FAE04EC0-301F-11D3-BF4B-00C04F79EFBC}") = "BookAPI", "BookAPI.csproj", "{AE836219-4A03-44E1-AE5F-494390E2F5D2}"
EndProject
Global
	GlobalSection(SolutionConfigurationPlatforms) = preSolution
		Debug|Any CPU = Debug|Any CPU
		Release|Any CPU = Release|Any CPU
	EndGlobalSection
	GlobalSection(ProjectConfigurationPlatforms) = postSolution
		{AE836219-4A03-44E1-AE5F-494390E2F5D2}.Debug|Any CPU.ActiveCfg = Debug|Any CPU
		{AE836219-4A03-44E1-AE5F-494390E2F5D2}.Debug|Any CPU.Build.0 = Debug|Any CPU
		{AE836219-4A03-44E1-AE5F-494390E2F5D2}.Release|Any CPU.ActiveCfg = Release|Any CPU
		{AE836219-4A03-44E1-AE5F-494390E2F5D2}.Release|Any CPU.Build.0 = Release|Any CPU
	EndGlobalSection
	GlobalSection(SolutionProperties) = preSolution
		HideSolutionNode = FALSE
	EndGlobalSection
	GlobalSection(ExtensibilityGlobals) = postSolution
		SolutionGuid = {274D241E-1632-4FC1-9BBE-3703881900C8}
	EndGlobalSection
EndGlobal
